
Microsoft Visual Studio Solution File, Format Version 12.00
# Visual Studio Version 16
VisualStudioVersion = 16.0.29025.244
MinimumVisualStudioVersion = 15.0.26124.0
Project("{9A19103F-16F7-4668-BE54-9A1E7A4F7556}") = "Server", "Server\Server.csproj", "{283C7875-439B-4F4A-BDEF-8F7268C34403}"
EndProject
Project("{9A19103F-16F7-4668-BE54-9A1E7A4F7556}") = "Client", "Client\Client.csproj", "{B6F8060D-508E-419F-8F77-C9AE11CF5102}"
EndProject
Global
	GlobalSection(SolutionConfigurationPlatforms) = preSolution
		Debug|Any CPU = Debug|Any CPU
		Debug|x64 = Debug|x64
		Debug|x86 = Debug|x86
		Release|Any CPU = Release|Any CPU
		Release|x64 = Release|x64
		Release|x86 = Release|x86
	EndGlobalSection
	GlobalSection(ProjectConfigurationPlatforms) = postSolution
		{283C7875-439B-4F4A-BDEF-8F7268C34403}.Debug|Any CPU.ActiveCfg = Debug|Any CPU
		{283C7875-439B-4F4A-BDEF-8F7268C34403}.Debug|Any CPU.Build.0 = Debug|Any CPU
		{283C7875-439B-4F4A-BDEF-8F7268C34403}.Debug|x64.ActiveCfg = Debug|Any CPU
		{283C7875-439B-4F4A-BDEF-8F7268C34403}.Debug|x64.Build.0 = Debug|Any CPU
		{283C7875-439B-4F4A-BDEF-8F7268C34403}.Debug|x86.ActiveCfg = Debug|Any CPU
		{283C7875-439B-4F4A-BDEF-8F7268C34403}.Debug|x86.Build.0 = Debug|Any CPU
		{283C7875-439B-4F4A-BDEF-8F7268C34403}.Release|Any CPU.ActiveCfg = Release|Any CPU
		{283C7875-439B-4F4A-BDEF-8F7268C34403}.Release|Any CPU.Build.0 = Release|Any CPU
		{283C7875-439B-4F4A-BDEF-8F7268C34403}.Release|x64.ActiveCfg = Release|Any CPU
		{283C7875-439B-4F4A-BDEF-8F7268C34403}.Release|x64.Build.0 = Release|Any CPU
		{283C7875-439B-4F4A-BDEF-8F7268C34403}.Release|x86.ActiveCfg = Release|Any CPU
		{283C7875-439B-4F4A-BDEF-8F7268C34403}.Release|x86.Build.0 = Release|Any CPU
		{B6F8060D-508E-419F-8F77-C9AE11CF5102}.Debug|Any CPU.ActiveCfg = Debug|Any CPU
		{B6F8060D-508E-419F-8F77-C9AE11CF5102}.Debug|Any CPU.Build.0 = Debug|Any CPU
		{B6F8060D-508E-419F-8F77-C9AE11CF5102}.Debug|x64.ActiveCfg = Debug|Any CPU
		{B6F8060D-508E-419F-8F77-C9AE11CF5102}.Debug|x64.Build.0 = Debug|Any CPU
		{B6F8060D-508E-419F-8F77-C9AE11CF5102}.Debug|x86.ActiveCfg = Debug|Any CPU
		{B6F8060D-508E-419F-8F77-C9AE11CF5102}.Debug|x86.Build.0 = Debug|Any CPU
		{B6F8060D-508E-419F-8F77-C9AE11CF5102}.Release|Any CPU.ActiveCfg = Release|Any CPU
		{B6F8060D-508E-419F-8F77-C9AE11CF5102}.Release|Any CPU.Build.0 = Release|Any CPU
		{B6F8060D-508E-419F-8F77-C9AE11CF5102}.Release|x64.ActiveCfg = Release|Any CPU
		{B6F8060D-508E-419F-8F77-C9AE11CF5102}.Release|x64.Build.0 = Release|Any CPU
		{B6F8060D-508E-419F-8F77-C9AE11CF5102}.Release|x86.ActiveCfg = Release|Any CPU
		{B6F8060D-508E-419F-8F77-C9AE11CF5102}.Release|x86.Build.0 = Release|Any CPU
	EndGlobalSection
	GlobalSection(SolutionProperties) = preSolution
		HideSolutionNode = FALSE
	EndGlobalSection
	GlobalSection(ExtensibilityGlobals) = postSolution
		SolutionGuid = {2E61B4AB-2F47-41B4-8020-7CD0EBD159CA}
	EndGlobalSection
EndGlobal
